
Microsoft Visual Studio Solution File, Format Version 12.00
# Visual Studio Version 17
VisualStudioVersion = 17.2.32630.192
MinimumVisualStudioVersion = 10.0.40219.1
Project("{FAE04EC0-301F-11D3-BF4B-00C04F79EFBC}") = "Serilog_aspDotNetCore", "Serilog_aspDotNetCore\Serilog_aspDotNetCore.csproj", "{19841283-FD79-4012-B580-07B7253BBDD7}"
EndProject
Global
	GlobalSection(SolutionConfigurationPlatforms) = preSolution
		Debug|Any CPU = Debug|Any CPU
		Release|Any CPU = Release|Any CPU
	EndGlobalSection
	GlobalSection(ProjectConfigurationPlatforms) = postSolution
		{19841283-FD79-4012-B580-07B7253BBDD7}.Debug|Any CPU.ActiveCfg = Debug|Any CPU
		{19841283-FD79-4012-B580-07B7253BBDD7}.Debug|Any CPU.Build.0 = Debug|Any CPU
		{19841283-FD79-4012-B580-07B7253BBDD7}.Release|Any CPU.ActiveCfg = Release|Any CPU
		{19841283-FD79-4012-B580-07B7253BBDD7}.Release|Any CPU.Build.0 = Release|Any CPU
	EndGlobalSection
	GlobalSection(SolutionProperties) = preSolution
		HideSolutionNode = FALSE
	EndGlobalSection
	GlobalSection(ExtensibilityGlobals) = postSolution
		SolutionGuid = {F44709F2-CBD7-4F89-87AA-2914FD69334E}
	EndGlobalSection
EndGlobal
